// !$*UTF8*$!
{
	archiveVersion = 1;
	classes = {
	};
	objectVersion = 77;
	objects = {

/* Begin PBXBuildFile section */
		122FFBE92E1C065000FA1A6C /* DIContainer.swift in Sources */ = {isa = PBXBuildFile; fileRef = 122FFBE82E1C065000FA1A6C /* DIContainer.swift */; };
		126CF5462E19CC6600C14395 /* Swinject in Frameworks */ = {isa = PBXBuildFile; productRef = 126CF5452E19CC6600C14395 /* Swinject */; };
		12B8CE9D2E195BBD00B61EED /* CapsuleToyAppApp.swift in Sources */ = {isa = PBXBuildFile; fileRef = 12B8CE9A2E195BBD00B61EED /* CapsuleToyAppApp.swift */; };
		12B8CE9E2E195BBD00B61EED /* RootView.swift in Sources */ = {isa = PBXBuildFile; fileRef = 12B8CE9B2E195BBD00B61EED /* RootView.swift */; };
		12B8CE9F2E195BBD00B61EED /* Images.xcassets in Resources */ = {isa = PBXBuildFile; fileRef = 12B8CE992E195BBD00B61EED /* Images.xcassets */; };
		12B8CEA52E195C7900B61EED /* Colors.xcassets in Resources */ = {isa = PBXBuildFile; fileRef = 12B8CEA42E195C7900B61EED /* Colors.xcassets */; };
		12B8CEAB2E195E8100B61EED /* RealmSwift in Frameworks */ = {isa = PBXBuildFile; productRef = 12B8CEAA2E195E8100B61EED /* RealmSwift */; };
		12B8CEAC2E195F3C00B61EED /* RealmSwift in Embed Frameworks */ = {isa = PBXBuildFile; productRef = 12B8CEAA2E195E8100B61EED /* RealmSwift */; settings = {ATTRIBUTES = (CodeSignOnCopy, ); }; };
/* End PBXBuildFile section */

/* Begin PBXCopyFilesBuildPhase section */
		12B8CEAD2E195F3C00B61EED /* Embed Frameworks */ = {
			isa = PBXCopyFilesBuildPhase;
			buildActionMask = 2147483647;
			dstPath = "";
			dstSubfolderSpec = 10;
			files = (
				12B8CEAC2E195F3C00B61EED /* RealmSwift in Embed Frameworks */,
			);
			name = "Embed Frameworks";
			runOnlyForDeploymentPostprocessing = 0;
		};
/* End PBXCopyFilesBuildPhase section */

/* Begin PBXFileReference section */
		122FFBE82E1C065000FA1A6C /* DIContainer.swift */ = {isa = PBXFileReference; lastKnownFileType = sourcecode.swift; path = DIContainer.swift; sourceTree = "<group>"; };
		12B8CE8B2E195BAD00B61EED /* CapsuleToyApp.app */ = {isa = PBXFileReference; explicitFileType = wrapper.application; includeInIndex = 0; path = CapsuleToyApp.app; sourceTree = BUILT_PRODUCTS_DIR; };
		12B8CE992E195BBD00B61EED /* Images.xcassets */ = {isa = PBXFileReference; lastKnownFileType = folder.assetcatalog; path = Images.xcassets; sourceTree = "<group>"; };
		12B8CE9A2E195BBD00B61EED /* CapsuleToyAppApp.swift */ = {isa = PBXFileReference; lastKnownFileType = sourcecode.swift; path = CapsuleToyAppApp.swift; sourceTree = "<group>"; };
		12B8CE9B2E195BBD00B61EED /* RootView.swift */ = {isa = PBXFileReference; lastKnownFileType = sourcecode.swift; path = RootView.swift; sourceTree = "<group>"; };
		12B8CEA42E195C7900B61EED /* Colors.xcassets */ = {isa = PBXFileReference; lastKnownFileType = folder.assetcatalog; path = Colors.xcassets; sourceTree = "<group>"; };
/* End PBXFileReference section */

/* Begin PBXFrameworksBuildPhase section */
		12B8CE882E195BAD00B61EED /* Frameworks */ = {
			isa = PBXFrameworksBuildPhase;
			buildActionMask = 2147483647;
			files = (
				12B8CEAB2E195E8100B61EED /* RealmSwift in Frameworks */,
				126CF5462E19CC6600C14395 /* Swinject in Frameworks */,
			);
			runOnlyForDeploymentPostprocessing = 0;
		};
/* End PBXFrameworksBuildPhase section */

/* Begin PBXGroup section */
		122FFBE72E1C063900FA1A6C /* DI */ = {
			isa = PBXGroup;
			children = (
				122FFBE82E1C065000FA1A6C /* DIContainer.swift */,
			);
			path = DI;
			sourceTree = "<group>";
		};
		122FFBEA2E1C069A00FA1A6C /* Model */ = {
			isa = PBXGroup;
			children = (
			);
			path = Model;
			sourceTree = "<group>";
		};
		122FFBEB2E1C069E00FA1A6C /* Repository */ = {
			isa = PBXGroup;
			children = (
			);
			path = Repository;
			sourceTree = "<group>";
		};
		122FFBEC2E1C06AA00FA1A6C /* ViewModel */ = {
			isa = PBXGroup;
			children = (
			);
			path = ViewModel;
			sourceTree = "<group>";
		};
		12B8CE822E195BAD00B61EED = {
			isa = PBXGroup;
			children = (
				12B8CE9C2E195BBD00B61EED /* CapsuleToyApp */,
				12B8CE8C2E195BAD00B61EED /* Products */,
			);
			sourceTree = "<group>";
		};
		12B8CE8C2E195BAD00B61EED /* Products */ = {
			isa = PBXGroup;
			children = (
				12B8CE8B2E195BAD00B61EED /* CapsuleToyApp.app */,
			);
			name = Products;
			sourceTree = "<group>";
		};
		12B8CE9C2E195BBD00B61EED /* CapsuleToyApp */ = {
			isa = PBXGroup;
			children = (
				12B8CEA02E195C3400B61EED /* Resources */,
				12B8CEA12E195C4A00B61EED /* Generated */,
				122FFBEA2E1C069A00FA1A6C /* Model */,
				12B8CEA62E195C9800B61EED /* View */,
				122FFBE72E1C063900FA1A6C /* DI */,
				122FFBEC2E1C06AA00FA1A6C /* ViewModel */,
				122FFBEB2E1C069E00FA1A6C /* Repository */,
			);
			path = CapsuleToyApp;
			sourceTree = "<group>";
		};
		12B8CEA02E195C3400B61EED /* Resources */ = {
			isa = PBXGroup;
			children = (
			);
			path = Resources;
			sourceTree = "<group>";
		};
		12B8CEA12E195C4A00B61EED /* Generated */ = {
			isa = PBXGroup;
			children = (
				12B8CE992E195BBD00B61EED /* Images.xcassets */,
				12B8CEA42E195C7900B61EED /* Colors.xcassets */,
			);
			path = Generated;
			sourceTree = "<group>";
		};
		12B8CEA62E195C9800B61EED /* View */ = {
			isa = PBXGroup;
			children = (
				12B8CE9A2E195BBD00B61EED /* CapsuleToyAppApp.swift */,
				12B8CE9B2E195BBD00B61EED /* RootView.swift */,
			);
			path = View;
			sourceTree = "<group>";
		};
/* End PBXGroup section */

/* Begin PBXNativeTarget section */
		12B8CE8A2E195BAD00B61EED /* CapsuleToyApp */ = {
			isa = PBXNativeTarget;
			buildConfigurationList = 12B8CE962E195BAF00B61EED /* Build configuration list for PBXNativeTarget "CapsuleToyApp" */;
			buildPhases = (
				12B8CE872E195BAD00B61EED /* Sources */,
				12B8CE882E195BAD00B61EED /* Frameworks */,
				12B8CE892E195BAD00B61EED /* Resources */,
				12B8CEAD2E195F3C00B61EED /* Embed Frameworks */,
			);
			buildRules = (
			);
			dependencies = (
			);
			name = CapsuleToyApp;
			packageProductDependencies = (
				12B8CEAA2E195E8100B61EED /* RealmSwift */,
				126CF5452E19CC6600C14395 /* Swinject */,
			);
			productName = CapsuleToyApp;
			productReference = 12B8CE8B2E195BAD00B61EED /* CapsuleToyApp.app */;
			productType = "com.apple.product-type.application";
		};
/* End PBXNativeTarget section */

/* Begin PBXProject section */
		12B8CE832E195BAD00B61EED /* Project object */ = {
			isa = PBXProject;
			attributes = {
				BuildIndependentTargetsInParallel = 1;
				LastSwiftUpdateCheck = 1630;
				LastUpgradeCheck = 1630;
				TargetAttributes = {
					12B8CE8A2E195BAD00B61EED = {
						CreatedOnToolsVersion = 16.3;
					};
				};
			};
			buildConfigurationList = 12B8CE862E195BAD00B61EED /* Build configuration list for PBXProject "CapsuleToyApp" */;
			developmentRegion = en;
			hasScannedForEncodings = 0;
			knownRegions = (
				en,
				Base,
			);
			mainGroup = 12B8CE822E195BAD00B61EED;
			minimizedProjectReferenceProxies = 1;
			packageReferences = (
				12B8CEA72E195E8100B61EED /* XCRemoteSwiftPackageReference "realm-swift" */,
				126CF5442E19CC6600C14395 /* XCRemoteSwiftPackageReference "Swinject" */,
			);
			preferredProjectObjectVersion = 77;
			productRefGroup = 12B8CE8C2E195BAD00B61EED /* Products */;
			projectDirPath = "";
			projectRoot = "";
			targets = (
				12B8CE8A2E195BAD00B61EED /* CapsuleToyApp */,
			);
		};
/* End PBXProject section */

/* Begin PBXResourcesBuildPhase section */
		12B8CE892E195BAD00B61EED /* Resources */ = {
			isa = PBXResourcesBuildPhase;
			buildActionMask = 2147483647;
			files = (
				12B8CE9F2E195BBD00B61EED /* Images.xcassets in Resources */,
				12B8CEA52E195C7900B61EED /* Colors.xcassets in Resources */,
			);
			runOnlyForDeploymentPostprocessing = 0;
		};
/* End PBXResourcesBuildPhase section */

/* Begin PBXSourcesBuildPhase section */
		12B8CE872E195BAD00B61EED /* Sources */ = {
			isa = PBXSourcesBuildPhase;
			buildActionMask = 2147483647;
			files = (
				12B8CE9D2E195BBD00B61EED /* CapsuleToyAppApp.swift in Sources */,
				122FFBE92E1C065000FA1A6C /* DIContainer.swift in Sources */,
				12B8CE9E2E195BBD00B61EED /* RootView.swift in Sources */,
			);
			runOnlyForDeploymentPostprocessing = 0;
		};
/* End PBXSourcesBuildPhase section */

/* Begin XCBuildConfiguration section */
		12B8CE942E195BAF00B61EED /* Debug */ = {
			isa = XCBuildConfiguration;
			buildSettings = {
				ALWAYS_SEARCH_USER_PATHS = NO;
				ASSETCATALOG_COMPILER_GENERATE_SWIFT_ASSET_SYMBOL_EXTENSIONS = YES;
				CLANG_ANALYZER_NONNULL = YES;
				CLANG_ANALYZER_NUMBER_OBJECT_CONVERSION = YES_AGGRESSIVE;
				CLANG_CXX_LANGUAGE_STANDARD = "gnu++20";
				CLANG_ENABLE_MODULES = YES;
				CLANG_ENABLE_OBJC_ARC = YES;
				CLANG_ENABLE_OBJC_WEAK = YES;
				CLANG_WARN_BLOCK_CAPTURE_AUTORELEASING = YES;
				CLANG_WARN_BOOL_CONVERSION = YES;
				CLANG_WARN_COMMA = YES;
				CLANG_WARN_CONSTANT_CONVERSION = YES;
				CLANG_WARN_DEPRECATED_OBJC_IMPLEMENTATIONS = YES;
				CLANG_WARN_DIRECT_OBJC_ISA_USAGE = YES_ERROR;
				CLANG_WARN_DOCUMENTATION_COMMENTS = YES;
				CLANG_WARN_EMPTY_BODY = YES;
				CLANG_WARN_ENUM_CONVERSION = YES;
				CLANG_WARN_INFINITE_RECURSION = YES;
				CLANG_WARN_INT_CONVERSION = YES;
				CLANG_WARN_NON_LITERAL_NULL_CONVERSION = YES;
				CLANG_WARN_OBJC_IMPLICIT_RETAIN_SELF = YES;
				CLANG_WARN_OBJC_LITERAL_CONVERSION = YES;
				CLANG_WARN_OBJC_ROOT_CLASS = YES_ERROR;
				CLANG_WARN_QUOTED_INCLUDE_IN_FRAMEWORK_HEADER = YES;
				CLANG_WARN_RANGE_LOOP_ANALYSIS = YES;
				CLANG_WARN_STRICT_PROTOTYPES = YES;
				CLANG_WARN_SUSPICIOUS_MOVE = YES;
				CLANG_WARN_UNGUARDED_AVAILABILITY = YES_AGGRESSIVE;
				CLANG_WARN_UNREACHABLE_CODE = YES;
				CLANG_WARN__DUPLICATE_METHOD_MATCH = YES;
				COPY_PHASE_STRIP = NO;
				DEBUG_INFORMATION_FORMAT = dwarf;
				DEVELOPMENT_TEAM = CGD79LB65H;
				ENABLE_STRICT_OBJC_MSGSEND = YES;
				ENABLE_TESTABILITY = YES;
				ENABLE_USER_SCRIPT_SANDBOXING = YES;
				GCC_C_LANGUAGE_STANDARD = gnu17;
				GCC_DYNAMIC_NO_PIC = NO;
				GCC_NO_COMMON_BLOCKS = YES;
				GCC_OPTIMIZATION_LEVEL = 0;
				GCC_PREPROCESSOR_DEFINITIONS = (
					"DEBUG=1",
					"$(inherited)",
				);
				GCC_WARN_64_TO_32_BIT_CONVERSION = YES;
				GCC_WARN_ABOUT_RETURN_TYPE = YES_ERROR;
				GCC_WARN_UNDECLARED_SELECTOR = YES;
				GCC_WARN_UNINITIALIZED_AUTOS = YES_AGGRESSIVE;
				GCC_WARN_UNUSED_FUNCTION = YES;
				GCC_WARN_UNUSED_VARIABLE = YES;
				IPHONEOS_DEPLOYMENT_TARGET = 18.4;
				LOCALIZATION_PREFERS_STRING_CATALOGS = YES;
				MTL_ENABLE_DEBUG_INFO = INCLUDE_SOURCE;
				MTL_FAST_MATH = YES;
				ONLY_ACTIVE_ARCH = YES;
				SDKROOT = iphoneos;
				SWIFT_ACTIVE_COMPILATION_CONDITIONS = "DEBUG $(inherited)";
				SWIFT_OPTIMIZATION_LEVEL = "-Onone";
			};
			name = Debug;
		};
		12B8CE952E195BAF00B61EED /* Release */ = {
			isa = XCBuildConfiguration;
			buildSettings = {
				ALWAYS_SEARCH_USER_PATHS = NO;
				ASSETCATALOG_COMPILER_GENERATE_SWIFT_ASSET_SYMBOL_EXTENSIONS = YES;
				CLANG_ANALYZER_NONNULL = YES;
				CLANG_ANALYZER_NUMBER_OBJECT_CONVERSION = YES_AGGRESSIVE;
				CLANG_CXX_LANGUAGE_STANDARD = "gnu++20";
				CLANG_ENABLE_MODULES = YES;
				CLANG_ENABLE_OBJC_ARC = YES;
				CLANG_ENABLE_OBJC_WEAK = YES;
				CLANG_WARN_BLOCK_CAPTURE_AUTORELEASING = YES;
				CLANG_WARN_BOOL_CONVERSION = YES;
				CLANG_WARN_COMMA = YES;
				CLANG_WARN_CONSTANT_CONVERSION = YES;
				CLANG_WARN_DEPRECATED_OBJC_IMPLEMENTATIONS = YES;
				CLANG_WARN_DIRECT_OBJC_ISA_USAGE = YES_ERROR;
				CLANG_WARN_DOCUMENTATION_COMMENTS = YES;
				CLANG_WARN_EMPTY_BODY = YES;
				CLANG_WARN_ENUM_CONVERSION = YES;
				CLANG_WARN_INFINITE_RECURSION = YES;
				CLANG_WARN_INT_CONVERSION = YES;
				CLANG_WARN_NON_LITERAL_NULL_CONVERSION = YES;
				CLANG_WARN_OBJC_IMPLICIT_RETAIN_SELF = YES;
				CLANG_WARN_OBJC_LITERAL_CONVERSION = YES;
				CLANG_WARN_OBJC_ROOT_CLASS = YES_ERROR;
				CLANG_WARN_QUOTED_INCLUDE_IN_FRAMEWORK_HEADER = YES;
				CLANG_WARN_RANGE_LOOP_ANALYSIS = YES;
				CLANG_WARN_STRICT_PROTOTYPES = YES;
				CLANG_WARN_SUSPICIOUS_MOVE = YES;
				CLANG_WARN_UNGUARDED_AVAILABILITY = YES_AGGRESSIVE;
				CLANG_WARN_UNREACHABLE_CODE = YES;
				CLANG_WARN__DUPLICATE_METHOD_MATCH = YES;
				COPY_PHASE_STRIP = NO;
				DEBUG_INFORMATION_FORMAT = "dwarf-with-dsym";
				DEVELOPMENT_TEAM = CGD79LB65H;
				ENABLE_NS_ASSERTIONS = NO;
				ENABLE_STRICT_OBJC_MSGSEND = YES;
				ENABLE_USER_SCRIPT_SANDBOXING = YES;
				GCC_C_LANGUAGE_STANDARD = gnu17;
				GCC_NO_COMMON_BLOCKS = YES;
				GCC_WARN_64_TO_32_BIT_CONVERSION = YES;
				GCC_WARN_ABOUT_RETURN_TYPE = YES_ERROR;
				GCC_WARN_UNDECLARED_SELECTOR = YES;
				GCC_WARN_UNINITIALIZED_AUTOS = YES_AGGRESSIVE;
				GCC_WARN_UNUSED_FUNCTION = YES;
				GCC_WARN_UNUSED_VARIABLE = YES;
				IPHONEOS_DEPLOYMENT_TARGET = 18.4;
				LOCALIZATION_PREFERS_STRING_CATALOGS = YES;
				MTL_ENABLE_DEBUG_INFO = NO;
				MTL_FAST_MATH = YES;
				SDKROOT = iphoneos;
				SWIFT_COMPILATION_MODE = wholemodule;
				VALIDATE_PRODUCT = YES;
			};
			name = Release;
		};
		12B8CE972E195BAF00B61EED /* Debug */ = {
			isa = XCBuildConfiguration;
			buildSettings = {
				ASSETCATALOG_COMPILER_APPICON_NAME = AppIcon;
				ASSETCATALOG_COMPILER_GLOBAL_ACCENT_COLOR_NAME = AccentColor;
				CODE_SIGN_STYLE = Automatic;
				CURRENT_PROJECT_VERSION = 1;
				DEVELOPMENT_TEAM = CGD79LB65H;
				ENABLE_PREVIEWS = YES;
				GENERATE_INFOPLIST_FILE = YES;
				INFOPLIST_KEY_UIApplicationSceneManifest_Generation = YES;
				INFOPLIST_KEY_UIApplicationSupportsIndirectInputEvents = YES;
				INFOPLIST_KEY_UILaunchScreen_Generation = YES;
				INFOPLIST_KEY_UISupportedInterfaceOrientations = UIInterfaceOrientationPortrait;
				LD_RUNPATH_SEARCH_PATHS = (
					"$(inherited)",
					"@executable_path/Frameworks",
				);
				MARKETING_VERSION = 1.0.0;
				PRODUCT_BUNDLE_IDENTIFIER = com.ame.CapsuleToyApp;
				PRODUCT_NAME = "$(TARGET_NAME)";
				SUPPORTED_PLATFORMS = "iphoneos iphonesimulator";
				SUPPORTS_MACCATALYST = NO;
				SWIFT_EMIT_LOC_STRINGS = YES;
				SWIFT_VERSION = 6.0;
				TARGETED_DEVICE_FAMILY = 1;
			};
			name = Debug;
		};
		12B8CE982E195BAF00B61EED /* Release */ = {
			isa = XCBuildConfiguration;
			buildSettings = {
				ASSETCATALOG_COMPILER_APPICON_NAME = AppIcon;
				ASSETCATALOG_COMPILER_GLOBAL_ACCENT_COLOR_NAME = AccentColor;
				CODE_SIGN_STYLE = Automatic;
				CURRENT_PROJECT_VERSION = 1;
				DEVELOPMENT_TEAM = CGD79LB65H;
				ENABLE_PREVIEWS = YES;
				GENERATE_INFOPLIST_FILE = YES;
				INFOPLIST_KEY_UIApplicationSceneManifest_Generation = YES;
				INFOPLIST_KEY_UIApplicationSupportsIndirectInputEvents = YES;
				INFOPLIST_KEY_UILaunchScreen_Generation = YES;
				INFOPLIST_KEY_UISupportedInterfaceOrientations = UIInterfaceOrientationPortrait;
				LD_RUNPATH_SEARCH_PATHS = (
					"$(inherited)",
					"@executable_path/Frameworks",
				);
				MARKETING_VERSION = 1.0.0;
				PRODUCT_BUNDLE_IDENTIFIER = com.ame.CapsuleToyApp;
				PRODUCT_NAME = "$(TARGET_NAME)";
				SUPPORTED_PLATFORMS = "iphoneos iphonesimulator";
				SUPPORTS_MACCATALYST = NO;
				SWIFT_EMIT_LOC_STRINGS = YES;
				SWIFT_VERSION = 6.0;
				TARGETED_DEVICE_FAMILY = 1;
			};
			name = Release;
		};
/* End XCBuildConfiguration section */

/* Begin XCConfigurationList section */
		12B8CE862E195BAD00B61EED /* Build configuration list for PBXProject "CapsuleToyApp" */ = {
			isa = XCConfigurationList;
			buildConfigurations = (
				12B8CE942E195BAF00B61EED /* Debug */,
				12B8CE952E195BAF00B61EED /* Release */,
			);
			defaultConfigurationIsVisible = 0;
			defaultConfigurationName = Release;
		};
		12B8CE962E195BAF00B61EED /* Build configuration list for PBXNativeTarget "CapsuleToyApp" */ = {
			isa = XCConfigurationList;
			buildConfigurations = (
				12B8CE972E195BAF00B61EED /* Debug */,
				12B8CE982E195BAF00B61EED /* Release */,
			);
			defaultConfigurationIsVisible = 0;
			defaultConfigurationName = Release;
		};
/* End XCConfigurationList section */

/* Begin XCRemoteSwiftPackageReference section */
		126CF5442E19CC6600C14395 /* XCRemoteSwiftPackageReference "Swinject" */ = {
			isa = XCRemoteSwiftPackageReference;
			repositoryURL = "https://github.com/Swinject/Swinject.git";
			requirement = {
				kind = upToNextMajorVersion;
				minimumVersion = 2.9.1;
			};
		};
		12B8CEA72E195E8100B61EED /* XCRemoteSwiftPackageReference "realm-swift" */ = {
			isa = XCRemoteSwiftPackageReference;
			repositoryURL = "https://github.com/realm/realm-swift.git";
			requirement = {
				branch = master;
				kind = branch;
			};
		};
/* End XCRemoteSwiftPackageReference section */

/* Begin XCSwiftPackageProductDependency section */
		126CF5452E19CC6600C14395 /* Swinject */ = {
			isa = XCSwiftPackageProductDependency;
			package = 126CF5442E19CC6600C14395 /* XCRemoteSwiftPackageReference "Swinject" */;
			productName = Swinject;
		};
		12B8CEAA2E195E8100B61EED /* RealmSwift */ = {
			isa = XCSwiftPackageProductDependency;
			package = 12B8CEA72E195E8100B61EED /* XCRemoteSwiftPackageReference "realm-swift" */;
			productName = RealmSwift;
		};
/* End XCSwiftPackageProductDependency section */
	};
	rootObject = 12B8CE832E195BAD00B61EED /* Project object */;
}
