// !$*UTF8*$!
{
	archiveVersion = 1;
	classes = {
	};
	objectVersion = 77;
	objects = {

/* Begin PBXBuildFile section */
		122ECCC52E1FED24000F757A /* CustomTabBar.swift in Sources */ = {isa = PBXBuildFile; fileRef = 122ECCC42E1FED24000F757A /* CustomTabBar.swift */; };
		122ECCC72E1FED41000F757A /* RootEnvironment.swift in Sources */ = {isa = PBXBuildFile; fileRef = 122ECCC62E1FED40000F757A /* RootEnvironment.swift */; };
		122ECCCA2E1FEE8F000F757A /* AppTab.swift in Sources */ = {isa = PBXBuildFile; fileRef = 122ECCC92E1FEE8D000F757A /* AppTab.swift */; };
		122FFBE92E1C065000FA1A6C /* DIContainer.swift in Sources */ = {isa = PBXBuildFile; fileRef = 122FFBE82E1C065000FA1A6C /* DIContainer.swift */; };
		122FFBEE2E1C071600FA1A6C /* CapsuleToy.swift in Sources */ = {isa = PBXBuildFile; fileRef = 122FFBED2E1C070500FA1A6C /* CapsuleToy.swift */; };
		122FFBF12E1C078F00FA1A6C /* Series.swift in Sources */ = {isa = PBXBuildFile; fileRef = 122FFBF02E1C078600FA1A6C /* Series.swift */; };
		122FFBF52E1C096200FA1A6C /* SeriesListScreen.swift in Sources */ = {isa = PBXBuildFile; fileRef = 122FFBF42E1C096200FA1A6C /* SeriesListScreen.swift */; };
		122FFBF72E1C099700FA1A6C /* SeriesListViewModel.swift in Sources */ = {isa = PBXBuildFile; fileRef = 122FFBF62E1C098B00FA1A6C /* SeriesListViewModel.swift */; };
		122FFBF92E1C0A0700FA1A6C /* RealmRepository.swift in Sources */ = {isa = PBXBuildFile; fileRef = 122FFBF82E1C0A0500FA1A6C /* RealmRepository.swift */; };
		122FFBFC2E1C0A2B00FA1A6C /* RealmConfig.swift in Sources */ = {isa = PBXBuildFile; fileRef = 122FFBFB2E1C0A2A00FA1A6C /* RealmConfig.swift */; };
		122FFBFE2E1C0A5600FA1A6C /* UserDefaultsRepository.swift in Sources */ = {isa = PBXBuildFile; fileRef = 122FFBFD2E1C0A5500FA1A6C /* UserDefaultsRepository.swift */; };
		122FFC012E1C0BF400FA1A6C /* RealmRepositoryProtocol.swift in Sources */ = {isa = PBXBuildFile; fileRef = 122FFC002E1C0BF400FA1A6C /* RealmRepositoryProtocol.swift */; };
		122FFC032E1C0DBC00FA1A6C /* SeriesRepositoryProtocol.swift in Sources */ = {isa = PBXBuildFile; fileRef = 122FFC022E1C0DBA00FA1A6C /* SeriesRepositoryProtocol.swift */; };
		122FFC052E1C0DCB00FA1A6C /* SeriesRepository.swift in Sources */ = {isa = PBXBuildFile; fileRef = 122FFC042E1C0DCA00FA1A6C /* SeriesRepository.swift */; };
		122FFC092E1C0E4400FA1A6C /* MockSeriesRepository.swift in Sources */ = {isa = PBXBuildFile; fileRef = 122FFC082E1C0E4300FA1A6C /* MockSeriesRepository.swift */; };
		122FFC0B2E1C11DB00FA1A6C /* SeriesEntryScreen.swift in Sources */ = {isa = PBXBuildFile; fileRef = 122FFC0A2E1C11DB00FA1A6C /* SeriesEntryScreen.swift */; };
		122FFC252E1C120D00FA1A6C /* DeviceSizeUtility.swift in Sources */ = {isa = PBXBuildFile; fileRef = 122FFC1D2E1C120D00FA1A6C /* DeviceSizeUtility.swift */; };
		122FFC262E1C120D00FA1A6C /* ExFont.swift in Sources */ = {isa = PBXBuildFile; fileRef = 122FFC112E1C120D00FA1A6C /* ExFont.swift */; };
		122FFC272E1C120D00FA1A6C /* ExModifier.swift in Sources */ = {isa = PBXBuildFile; fileRef = 122FFC0F2E1C120D00FA1A6C /* ExModifier.swift */; };
		122FFC2A2E1C120D00FA1A6C /* ExString.swift in Sources */ = {isa = PBXBuildFile; fileRef = 122FFC142E1C120D00FA1A6C /* ExString.swift */; };
		122FFC2B2E1C120D00FA1A6C /* ShareInfoUtillity.swift in Sources */ = {isa = PBXBuildFile; fileRef = 122FFC222E1C120D00FA1A6C /* ShareInfoUtillity.swift */; };
		122FFC2C2E1C120D00FA1A6C /* DateFormatUtility.swift in Sources */ = {isa = PBXBuildFile; fileRef = 122FFC202E1C120D00FA1A6C /* DateFormatUtility.swift */; };
		122FFC2D2E1C120D00FA1A6C /* ExPublisher.swift in Sources */ = {isa = PBXBuildFile; fileRef = 122FFC182E1C120D00FA1A6C /* ExPublisher.swift */; };
		122FFC2E2E1C120D00FA1A6C /* ExBoingButton.swift in Sources */ = {isa = PBXBuildFile; fileRef = 122FFC1A2E1C120D00FA1A6C /* ExBoingButton.swift */; };
		122FFC302E1C120D00FA1A6C /* ExCollection.swift in Sources */ = {isa = PBXBuildFile; fileRef = 122FFC152E1C120D00FA1A6C /* ExCollection.swift */; };
		122FFC312E1C120D00FA1A6C /* JsonConvertUtility.swift in Sources */ = {isa = PBXBuildFile; fileRef = 122FFC212E1C120D00FA1A6C /* JsonConvertUtility.swift */; };
		122FFC322E1C120D00FA1A6C /* ExUIApplication.swift in Sources */ = {isa = PBXBuildFile; fileRef = 122FFC172E1C120D00FA1A6C /* ExUIApplication.swift */; };
		122FFC342E1C120D00FA1A6C /* ExModalBaclClear.swift in Sources */ = {isa = PBXBuildFile; fileRef = 122FFC102E1C120D00FA1A6C /* ExModalBaclClear.swift */; };
		122FFC352E1C120D00FA1A6C /* ExAlert.swift in Sources */ = {isa = PBXBuildFile; fileRef = 122FFC122E1C120D00FA1A6C /* ExAlert.swift */; };
		122FFC372E1C120D00FA1A6C /* Logger.swift in Sources */ = {isa = PBXBuildFile; fileRef = 122FFC1E2E1C120D00FA1A6C /* Logger.swift */; };
		122FFC3A2E1C139300FA1A6C /* SeriesEntryViewModel.swift in Sources */ = {isa = PBXBuildFile; fileRef = 122FFC392E1C138A00FA1A6C /* SeriesEntryViewModel.swift */; };
		122FFC3C2E1D0ADF00FA1A6C /* SeriesDetailScreen.swift in Sources */ = {isa = PBXBuildFile; fileRef = 122FFC3B2E1D0ADF00FA1A6C /* SeriesDetailScreen.swift */; };
		122FFC3E2E1D0D5100FA1A6C /* SeriesDetailViewModel.swift in Sources */ = {isa = PBXBuildFile; fileRef = 122FFC3D2E1D0D4B00FA1A6C /* SeriesDetailViewModel.swift */; };
		126CF5462E19CC6600C14395 /* Swinject in Frameworks */ = {isa = PBXBuildFile; productRef = 126CF5452E19CC6600C14395 /* Swinject */; };
		12B8CE9D2E195BBD00B61EED /* CapsuleToyAppApp.swift in Sources */ = {isa = PBXBuildFile; fileRef = 12B8CE9A2E195BBD00B61EED /* CapsuleToyAppApp.swift */; };
		12B8CE9E2E195BBD00B61EED /* RootView.swift in Sources */ = {isa = PBXBuildFile; fileRef = 12B8CE9B2E195BBD00B61EED /* RootView.swift */; };
		12B8CE9F2E195BBD00B61EED /* Images.xcassets in Resources */ = {isa = PBXBuildFile; fileRef = 12B8CE992E195BBD00B61EED /* Images.xcassets */; };
		12B8CEA52E195C7900B61EED /* Colors.xcassets in Resources */ = {isa = PBXBuildFile; fileRef = 12B8CEA42E195C7900B61EED /* Colors.xcassets */; };
		12B8CEAB2E195E8100B61EED /* RealmSwift in Frameworks */ = {isa = PBXBuildFile; productRef = 12B8CEAA2E195E8100B61EED /* RealmSwift */; };
		12B8CEAC2E195F3C00B61EED /* RealmSwift in Embed Frameworks */ = {isa = PBXBuildFile; productRef = 12B8CEAA2E195E8100B61EED /* RealmSwift */; settings = {ATTRIBUTES = (CodeSignOnCopy, ); }; };
		12DF0C382E1D5D14008D1A57 /* Localizable.strings in Resources */ = {isa = PBXBuildFile; fileRef = 12DF0C362E1D5D14008D1A57 /* Localizable.strings */; };
		12DF0C3C2E1D5ED1008D1A57 /* Strings.swift in Sources */ = {isa = PBXBuildFile; fileRef = 12DF0C3B2E1D5ED1008D1A57 /* Strings.swift */; };
		12DF0C3D2E1D5ED1008D1A57 /* Assets.swift in Sources */ = {isa = PBXBuildFile; fileRef = 12DF0C3A2E1D5ED1008D1A57 /* Assets.swift */; };
		12DF0C402E1D629D008D1A57 /* HeaderView.swift in Sources */ = {isa = PBXBuildFile; fileRef = 12DF0C3F2E1D629C008D1A57 /* HeaderView.swift */; };
		12DF0C422E1E5AA7008D1A57 /* CapsuleToyEntryScreen.swift in Sources */ = {isa = PBXBuildFile; fileRef = 12DF0C412E1E5AA0008D1A57 /* CapsuleToyEntryScreen.swift */; };
		12DF0C452E1E5B03008D1A57 /* CapsuleToyEntryViewModel.swift in Sources */ = {isa = PBXBuildFile; fileRef = 12DF0C442E1E5B00008D1A57 /* CapsuleToyEntryViewModel.swift */; };
		12DF0C482E1EAE4E008D1A57 /* ImagePickerDialog.swift in Sources */ = {isa = PBXBuildFile; fileRef = 12DF0C472E1EAE4D008D1A57 /* ImagePickerDialog.swift */; };
		12DF0C4A2E1EAE83008D1A57 /* ImageSelectView.swift in Sources */ = {isa = PBXBuildFile; fileRef = 12DF0C492E1EAE82008D1A57 /* ImageSelectView.swift */; };
		12DF0C4C2E1EAE8F008D1A57 /* ImageCropDialog.swift in Sources */ = {isa = PBXBuildFile; fileRef = 12DF0C4B2E1EAE8E008D1A57 /* ImageCropDialog.swift */; };
		12DF0C4F2E1EAFF9008D1A57 /* ImageFileManager.swift in Sources */ = {isa = PBXBuildFile; fileRef = 12DF0C4E2E1EAFF8008D1A57 /* ImageFileManager.swift */; };
		12DF0C522E1EB033008D1A57 /* ImageError.swift in Sources */ = {isa = PBXBuildFile; fileRef = 12DF0C512E1EB033008D1A57 /* ImageError.swift */; };
		12DF0C542E1EB047008D1A57 /* AppError.swift in Sources */ = {isa = PBXBuildFile; fileRef = 12DF0C532E1EB047008D1A57 /* AppError.swift */; };
		12DF0C562E1EB28B008D1A57 /* ImagePreView.swift in Sources */ = {isa = PBXBuildFile; fileRef = 12DF0C552E1EB284008D1A57 /* ImagePreView.swift */; };
/* End PBXBuildFile section */

/* Begin PBXCopyFilesBuildPhase section */
		12B8CEAD2E195F3C00B61EED /* Embed Frameworks */ = {
			isa = PBXCopyFilesBuildPhase;
			buildActionMask = 2147483647;
			dstPath = "";
			dstSubfolderSpec = 10;
			files = (
				12B8CEAC2E195F3C00B61EED /* RealmSwift in Embed Frameworks */,
			);
			name = "Embed Frameworks";
			runOnlyForDeploymentPostprocessing = 0;
		};
/* End PBXCopyFilesBuildPhase section */

/* Begin PBXFileReference section */
		122ECCC42E1FED24000F757A /* CustomTabBar.swift */ = {isa = PBXFileReference; lastKnownFileType = sourcecode.swift; path = CustomTabBar.swift; sourceTree = "<group>"; };
		122ECCC62E1FED40000F757A /* RootEnvironment.swift */ = {isa = PBXFileReference; lastKnownFileType = sourcecode.swift; path = RootEnvironment.swift; sourceTree = "<group>"; };
		122ECCC92E1FEE8D000F757A /* AppTab.swift */ = {isa = PBXFileReference; lastKnownFileType = sourcecode.swift; path = AppTab.swift; sourceTree = "<group>"; };
		122FFBE82E1C065000FA1A6C /* DIContainer.swift */ = {isa = PBXFileReference; lastKnownFileType = sourcecode.swift; path = DIContainer.swift; sourceTree = "<group>"; };
		122FFBED2E1C070500FA1A6C /* CapsuleToy.swift */ = {isa = PBXFileReference; lastKnownFileType = sourcecode.swift; path = CapsuleToy.swift; sourceTree = "<group>"; };
		122FFBF02E1C078600FA1A6C /* Series.swift */ = {isa = PBXFileReference; lastKnownFileType = sourcecode.swift; path = Series.swift; sourceTree = "<group>"; };
		122FFBF42E1C096200FA1A6C /* SeriesListScreen.swift */ = {isa = PBXFileReference; lastKnownFileType = sourcecode.swift; path = SeriesListScreen.swift; sourceTree = "<group>"; };
		122FFBF62E1C098B00FA1A6C /* SeriesListViewModel.swift */ = {isa = PBXFileReference; lastKnownFileType = sourcecode.swift; path = SeriesListViewModel.swift; sourceTree = "<group>"; };
		122FFBF82E1C0A0500FA1A6C /* RealmRepository.swift */ = {isa = PBXFileReference; lastKnownFileType = sourcecode.swift; path = RealmRepository.swift; sourceTree = "<group>"; };
		122FFBFB2E1C0A2A00FA1A6C /* RealmConfig.swift */ = {isa = PBXFileReference; lastKnownFileType = sourcecode.swift; path = RealmConfig.swift; sourceTree = "<group>"; };
		122FFBFD2E1C0A5500FA1A6C /* UserDefaultsRepository.swift */ = {isa = PBXFileReference; lastKnownFileType = sourcecode.swift; path = UserDefaultsRepository.swift; sourceTree = "<group>"; };
		122FFC002E1C0BF400FA1A6C /* RealmRepositoryProtocol.swift */ = {isa = PBXFileReference; lastKnownFileType = sourcecode.swift; path = RealmRepositoryProtocol.swift; sourceTree = "<group>"; };
		122FFC022E1C0DBA00FA1A6C /* SeriesRepositoryProtocol.swift */ = {isa = PBXFileReference; lastKnownFileType = sourcecode.swift; path = SeriesRepositoryProtocol.swift; sourceTree = "<group>"; };
		122FFC042E1C0DCA00FA1A6C /* SeriesRepository.swift */ = {isa = PBXFileReference; lastKnownFileType = sourcecode.swift; path = SeriesRepository.swift; sourceTree = "<group>"; };
		122FFC082E1C0E4300FA1A6C /* MockSeriesRepository.swift */ = {isa = PBXFileReference; lastKnownFileType = sourcecode.swift; path = MockSeriesRepository.swift; sourceTree = "<group>"; };
		122FFC0A2E1C11DB00FA1A6C /* SeriesEntryScreen.swift */ = {isa = PBXFileReference; lastKnownFileType = sourcecode.swift; path = SeriesEntryScreen.swift; sourceTree = "<group>"; };
		122FFC0F2E1C120D00FA1A6C /* ExModifier.swift */ = {isa = PBXFileReference; lastKnownFileType = sourcecode.swift; path = ExModifier.swift; sourceTree = "<group>"; };
		122FFC102E1C120D00FA1A6C /* ExModalBaclClear.swift */ = {isa = PBXFileReference; lastKnownFileType = sourcecode.swift; path = ExModalBaclClear.swift; sourceTree = "<group>"; };
		122FFC112E1C120D00FA1A6C /* ExFont.swift */ = {isa = PBXFileReference; lastKnownFileType = sourcecode.swift; path = ExFont.swift; sourceTree = "<group>"; };
		122FFC122E1C120D00FA1A6C /* ExAlert.swift */ = {isa = PBXFileReference; lastKnownFileType = sourcecode.swift; path = ExAlert.swift; sourceTree = "<group>"; };
		122FFC142E1C120D00FA1A6C /* ExString.swift */ = {isa = PBXFileReference; lastKnownFileType = sourcecode.swift; path = ExString.swift; sourceTree = "<group>"; };
		122FFC152E1C120D00FA1A6C /* ExCollection.swift */ = {isa = PBXFileReference; lastKnownFileType = sourcecode.swift; path = ExCollection.swift; sourceTree = "<group>"; };
		122FFC172E1C120D00FA1A6C /* ExUIApplication.swift */ = {isa = PBXFileReference; lastKnownFileType = sourcecode.swift; path = ExUIApplication.swift; sourceTree = "<group>"; };
		122FFC182E1C120D00FA1A6C /* ExPublisher.swift */ = {isa = PBXFileReference; lastKnownFileType = sourcecode.swift; path = ExPublisher.swift; sourceTree = "<group>"; };
		122FFC1A2E1C120D00FA1A6C /* ExBoingButton.swift */ = {isa = PBXFileReference; lastKnownFileType = sourcecode.swift; path = ExBoingButton.swift; sourceTree = "<group>"; };
		122FFC1D2E1C120D00FA1A6C /* DeviceSizeUtility.swift */ = {isa = PBXFileReference; lastKnownFileType = sourcecode.swift; path = DeviceSizeUtility.swift; sourceTree = "<group>"; };
		122FFC1E2E1C120D00FA1A6C /* Logger.swift */ = {isa = PBXFileReference; lastKnownFileType = sourcecode.swift; path = Logger.swift; sourceTree = "<group>"; };
		122FFC202E1C120D00FA1A6C /* DateFormatUtility.swift */ = {isa = PBXFileReference; lastKnownFileType = sourcecode.swift; path = DateFormatUtility.swift; sourceTree = "<group>"; };
		122FFC212E1C120D00FA1A6C /* JsonConvertUtility.swift */ = {isa = PBXFileReference; lastKnownFileType = sourcecode.swift; path = JsonConvertUtility.swift; sourceTree = "<group>"; };
		122FFC222E1C120D00FA1A6C /* ShareInfoUtillity.swift */ = {isa = PBXFileReference; lastKnownFileType = sourcecode.swift; path = ShareInfoUtillity.swift; sourceTree = "<group>"; };
		122FFC392E1C138A00FA1A6C /* SeriesEntryViewModel.swift */ = {isa = PBXFileReference; lastKnownFileType = sourcecode.swift; path = SeriesEntryViewModel.swift; sourceTree = "<group>"; };
		122FFC3B2E1D0ADF00FA1A6C /* SeriesDetailScreen.swift */ = {isa = PBXFileReference; lastKnownFileType = sourcecode.swift; path = SeriesDetailScreen.swift; sourceTree = "<group>"; };
		122FFC3D2E1D0D4B00FA1A6C /* SeriesDetailViewModel.swift */ = {isa = PBXFileReference; lastKnownFileType = sourcecode.swift; path = SeriesDetailViewModel.swift; sourceTree = "<group>"; };
		12B8CE8B2E195BAD00B61EED /* CapsuleToyApp.app */ = {isa = PBXFileReference; explicitFileType = wrapper.application; includeInIndex = 0; path = CapsuleToyApp.app; sourceTree = BUILT_PRODUCTS_DIR; };
		12B8CE992E195BBD00B61EED /* Images.xcassets */ = {isa = PBXFileReference; lastKnownFileType = folder.assetcatalog; path = Images.xcassets; sourceTree = "<group>"; };
		12B8CE9A2E195BBD00B61EED /* CapsuleToyAppApp.swift */ = {isa = PBXFileReference; lastKnownFileType = sourcecode.swift; path = CapsuleToyAppApp.swift; sourceTree = "<group>"; };
		12B8CE9B2E195BBD00B61EED /* RootView.swift */ = {isa = PBXFileReference; lastKnownFileType = sourcecode.swift; path = RootView.swift; sourceTree = "<group>"; };
		12B8CEA42E195C7900B61EED /* Colors.xcassets */ = {isa = PBXFileReference; lastKnownFileType = folder.assetcatalog; path = Colors.xcassets; sourceTree = "<group>"; };
		12DF0C372E1D5D14008D1A57 /* en */ = {isa = PBXFileReference; lastKnownFileType = text.plist.strings; name = en; path = en.lproj/Localizable.strings; sourceTree = "<group>"; };
		12DF0C392E1D5D23008D1A57 /* ja */ = {isa = PBXFileReference; lastKnownFileType = text.plist.strings; name = ja; path = ja.lproj/Localizable.strings; sourceTree = "<group>"; };
		12DF0C3A2E1D5ED1008D1A57 /* Assets.swift */ = {isa = PBXFileReference; lastKnownFileType = sourcecode.swift; path = Assets.swift; sourceTree = "<group>"; };
		12DF0C3B2E1D5ED1008D1A57 /* Strings.swift */ = {isa = PBXFileReference; lastKnownFileType = sourcecode.swift; path = Strings.swift; sourceTree = "<group>"; };
		12DF0C3F2E1D629C008D1A57 /* HeaderView.swift */ = {isa = PBXFileReference; lastKnownFileType = sourcecode.swift; path = HeaderView.swift; sourceTree = "<group>"; };
		12DF0C412E1E5AA0008D1A57 /* CapsuleToyEntryScreen.swift */ = {isa = PBXFileReference; lastKnownFileType = sourcecode.swift; path = CapsuleToyEntryScreen.swift; sourceTree = "<group>"; };
		12DF0C442E1E5B00008D1A57 /* CapsuleToyEntryViewModel.swift */ = {isa = PBXFileReference; lastKnownFileType = sourcecode.swift; path = CapsuleToyEntryViewModel.swift; sourceTree = "<group>"; };
		12DF0C472E1EAE4D008D1A57 /* ImagePickerDialog.swift */ = {isa = PBXFileReference; lastKnownFileType = sourcecode.swift; path = ImagePickerDialog.swift; sourceTree = "<group>"; };
		12DF0C492E1EAE82008D1A57 /* ImageSelectView.swift */ = {isa = PBXFileReference; lastKnownFileType = sourcecode.swift; path = ImageSelectView.swift; sourceTree = "<group>"; };
		12DF0C4B2E1EAE8E008D1A57 /* ImageCropDialog.swift */ = {isa = PBXFileReference; lastKnownFileType = sourcecode.swift; path = ImageCropDialog.swift; sourceTree = "<group>"; };
		12DF0C4E2E1EAFF8008D1A57 /* ImageFileManager.swift */ = {isa = PBXFileReference; lastKnownFileType = sourcecode.swift; path = ImageFileManager.swift; sourceTree = "<group>"; };
		12DF0C512E1EB033008D1A57 /* ImageError.swift */ = {isa = PBXFileReference; lastKnownFileType = sourcecode.swift; path = ImageError.swift; sourceTree = "<group>"; };
		12DF0C532E1EB047008D1A57 /* AppError.swift */ = {isa = PBXFileReference; lastKnownFileType = sourcecode.swift; path = AppError.swift; sourceTree = "<group>"; };
		12DF0C552E1EB284008D1A57 /* ImagePreView.swift */ = {isa = PBXFileReference; lastKnownFileType = sourcecode.swift; path = ImagePreView.swift; sourceTree = "<group>"; };
/* End PBXFileReference section */

/* Begin PBXFrameworksBuildPhase section */
		12B8CE882E195BAD00B61EED /* Frameworks */ = {
			isa = PBXFrameworksBuildPhase;
			buildActionMask = 2147483647;
			files = (
				12B8CEAB2E195E8100B61EED /* RealmSwift in Frameworks */,
				126CF5462E19CC6600C14395 /* Swinject in Frameworks */,
			);
			runOnlyForDeploymentPostprocessing = 0;
		};
/* End PBXFrameworksBuildPhase section */

/* Begin PBXGroup section */
		122ECCC82E1FEE84000F757A /* Enum */ = {
			isa = PBXGroup;
			children = (
				122ECCC92E1FEE8D000F757A /* AppTab.swift */,
			);
			path = Enum;
			sourceTree = "<group>";
		};
		122FFBE72E1C063900FA1A6C /* DI */ = {
			isa = PBXGroup;
			children = (
				122FFBE82E1C065000FA1A6C /* DIContainer.swift */,
			);
			path = DI;
			sourceTree = "<group>";
		};
		122FFBEA2E1C069A00FA1A6C /* Model */ = {
			isa = PBXGroup;
			children = (
				122ECCC82E1FEE84000F757A /* Enum */,
				122FFBFA2E1C0A2500FA1A6C /* Config */,
				122FFBEF2E1C074700FA1A6C /* Domain */,
				12DF0C502E1EB028008D1A57 /* Error */,
			);
			path = Model;
			sourceTree = "<group>";
		};
		122FFBEB2E1C069E00FA1A6C /* Repository */ = {
			isa = PBXGroup;
			children = (
				122FFC072E1C0E3800FA1A6C /* Mock */,
				122FFC062E1C0E2D00FA1A6C /* Domain */,
				122FFBFF2E1C0BEB00FA1A6C /* Protocol */,
				122FFBFD2E1C0A5500FA1A6C /* UserDefaultsRepository.swift */,
			);
			path = Repository;
			sourceTree = "<group>";
		};
		122FFBEC2E1C06AA00FA1A6C /* ViewModel */ = {
			isa = PBXGroup;
			children = (
				122ECCC62E1FED40000F757A /* RootEnvironment.swift */,
				122FFC382E1C138200FA1A6C /* Series */,
				12DF0C432E1E5AF7008D1A57 /* CapsuleToy */,
			);
			path = ViewModel;
			sourceTree = "<group>";
		};
		122FFBEF2E1C074700FA1A6C /* Domain */ = {
			isa = PBXGroup;
			children = (
				122FFBF02E1C078600FA1A6C /* Series.swift */,
				122FFBED2E1C070500FA1A6C /* CapsuleToy.swift */,
			);
			path = Domain;
			sourceTree = "<group>";
		};
		122FFBF22E1C092B00FA1A6C /* Series */ = {
			isa = PBXGroup;
			children = (
				122FFBF42E1C096200FA1A6C /* SeriesListScreen.swift */,
				122FFC0A2E1C11DB00FA1A6C /* SeriesEntryScreen.swift */,
				122FFC3B2E1D0ADF00FA1A6C /* SeriesDetailScreen.swift */,
			);
			path = Series;
			sourceTree = "<group>";
		};
		122FFBF32E1C094800FA1A6C /* CapsuleToy */ = {
			isa = PBXGroup;
			children = (
				12DF0C412E1E5AA0008D1A57 /* CapsuleToyEntryScreen.swift */,
			);
			path = CapsuleToy;
			sourceTree = "<group>";
		};
		122FFBFA2E1C0A2500FA1A6C /* Config */ = {
			isa = PBXGroup;
			children = (
				122FFBFB2E1C0A2A00FA1A6C /* RealmConfig.swift */,
			);
			path = Config;
			sourceTree = "<group>";
		};
		122FFBFF2E1C0BEB00FA1A6C /* Protocol */ = {
			isa = PBXGroup;
			children = (
				122FFC002E1C0BF400FA1A6C /* RealmRepositoryProtocol.swift */,
				122FFC022E1C0DBA00FA1A6C /* SeriesRepositoryProtocol.swift */,
			);
			path = Protocol;
			sourceTree = "<group>";
		};
		122FFC062E1C0E2D00FA1A6C /* Domain */ = {
			isa = PBXGroup;
			children = (
				122FFBF82E1C0A0500FA1A6C /* RealmRepository.swift */,
				122FFC042E1C0DCA00FA1A6C /* SeriesRepository.swift */,
			);
			path = Domain;
			sourceTree = "<group>";
		};
		122FFC072E1C0E3800FA1A6C /* Mock */ = {
			isa = PBXGroup;
			children = (
				122FFC082E1C0E4300FA1A6C /* MockSeriesRepository.swift */,
			);
			path = Mock;
			sourceTree = "<group>";
		};
		122FFC132E1C120D00FA1A6C /* Modifier */ = {
			isa = PBXGroup;
			children = (
				122FFC0F2E1C120D00FA1A6C /* ExModifier.swift */,
				122FFC102E1C120D00FA1A6C /* ExModalBaclClear.swift */,
				122FFC112E1C120D00FA1A6C /* ExFont.swift */,
				122FFC122E1C120D00FA1A6C /* ExAlert.swift */,
			);
			path = Modifier;
			sourceTree = "<group>";
		};
		122FFC162E1C120D00FA1A6C /* Primitive */ = {
			isa = PBXGroup;
			children = (
				122FFC142E1C120D00FA1A6C /* ExString.swift */,
				122FFC152E1C120D00FA1A6C /* ExCollection.swift */,
			);
			path = Primitive;
			sourceTree = "<group>";
		};
		122FFC1B2E1C120D00FA1A6C /* Extenstion */ = {
			isa = PBXGroup;
			children = (
				122FFC132E1C120D00FA1A6C /* Modifier */,
				122FFC162E1C120D00FA1A6C /* Primitive */,
				122FFC172E1C120D00FA1A6C /* ExUIApplication.swift */,
				122FFC182E1C120D00FA1A6C /* ExPublisher.swift */,
				122FFC1A2E1C120D00FA1A6C /* ExBoingButton.swift */,
			);
			path = Extenstion;
			sourceTree = "<group>";
		};
		122FFC232E1C120D00FA1A6C /* Utility */ = {
			isa = PBXGroup;
			children = (
				122FFC1D2E1C120D00FA1A6C /* DeviceSizeUtility.swift */,
				122FFC1E2E1C120D00FA1A6C /* Logger.swift */,
				122FFC202E1C120D00FA1A6C /* DateFormatUtility.swift */,
				122FFC212E1C120D00FA1A6C /* JsonConvertUtility.swift */,
				122FFC222E1C120D00FA1A6C /* ShareInfoUtillity.swift */,
			);
			path = Utility;
			sourceTree = "<group>";
		};
		122FFC242E1C120D00FA1A6C /* Extension&Utility */ = {
			isa = PBXGroup;
			children = (
				122FFC1B2E1C120D00FA1A6C /* Extenstion */,
				122FFC232E1C120D00FA1A6C /* Utility */,
			);
			path = "Extension&Utility";
			sourceTree = "<group>";
		};
		122FFC382E1C138200FA1A6C /* Series */ = {
			isa = PBXGroup;
			children = (
				122FFBF62E1C098B00FA1A6C /* SeriesListViewModel.swift */,
				122FFC392E1C138A00FA1A6C /* SeriesEntryViewModel.swift */,
				122FFC3D2E1D0D4B00FA1A6C /* SeriesDetailViewModel.swift */,
			);
			path = Series;
			sourceTree = "<group>";
		};
		12B8CE822E195BAD00B61EED = {
			isa = PBXGroup;
			children = (
				12B8CE9C2E195BBD00B61EED /* CapsuleToyApp */,
				12B8CE8C2E195BAD00B61EED /* Products */,
			);
			sourceTree = "<group>";
		};
		12B8CE8C2E195BAD00B61EED /* Products */ = {
			isa = PBXGroup;
			children = (
				12B8CE8B2E195BAD00B61EED /* CapsuleToyApp.app */,
			);
			name = Products;
			sourceTree = "<group>";
		};
		12B8CE9C2E195BBD00B61EED /* CapsuleToyApp */ = {
			isa = PBXGroup;
			children = (
				12B8CEA12E195C4A00B61EED /* Generated */,
				12B8CEA02E195C3400B61EED /* Resources */,
				122FFC242E1C120D00FA1A6C /* Extension&Utility */,
				122FFBEA2E1C069A00FA1A6C /* Model */,
				12B8CEA62E195C9800B61EED /* View */,
				122FFBE72E1C063900FA1A6C /* DI */,
				122FFBEC2E1C06AA00FA1A6C /* ViewModel */,
				122FFBEB2E1C069E00FA1A6C /* Repository */,
				12DF0C4D2E1EAFE1008D1A57 /* Manager */,
			);
			path = CapsuleToyApp;
			sourceTree = "<group>";
		};
		12B8CEA02E195C3400B61EED /* Resources */ = {
			isa = PBXGroup;
			children = (
				12B8CE992E195BBD00B61EED /* Images.xcassets */,
				12B8CEA42E195C7900B61EED /* Colors.xcassets */,
				12DF0C362E1D5D14008D1A57 /* Localizable.strings */,
			);
			path = Resources;
			sourceTree = "<group>";
		};
		12B8CEA12E195C4A00B61EED /* Generated */ = {
			isa = PBXGroup;
			children = (
				12DF0C3A2E1D5ED1008D1A57 /* Assets.swift */,
				12DF0C3B2E1D5ED1008D1A57 /* Strings.swift */,
			);
			path = Generated;
			sourceTree = "<group>";
		};
		12B8CEA62E195C9800B61EED /* View */ = {
			isa = PBXGroup;
			children = (
				12B8CE9A2E195BBD00B61EED /* CapsuleToyAppApp.swift */,
				12B8CE9B2E195BBD00B61EED /* RootView.swift */,
				122FFBF22E1C092B00FA1A6C /* Series */,
				122FFBF32E1C094800FA1A6C /* CapsuleToy */,
				12DF0C462E1EAE42008D1A57 /* Dialog */,
				12DF0C3E2E1D6264008D1A57 /* Components */,
			);
			path = View;
			sourceTree = "<group>";
		};
		12DF0C3E2E1D6264008D1A57 /* Components */ = {
			isa = PBXGroup;
			children = (
				12DF0C3F2E1D629C008D1A57 /* HeaderView.swift */,
				122ECCC42E1FED24000F757A /* CustomTabBar.swift */,
				12DF0C492E1EAE82008D1A57 /* ImageSelectView.swift */,
				12DF0C552E1EB284008D1A57 /* ImagePreView.swift */,
			);
			path = Components;
			sourceTree = "<group>";
		};
		12DF0C432E1E5AF7008D1A57 /* CapsuleToy */ = {
			isa = PBXGroup;
			children = (
				12DF0C442E1E5B00008D1A57 /* CapsuleToyEntryViewModel.swift */,
			);
			path = CapsuleToy;
			sourceTree = "<group>";
		};
		12DF0C462E1EAE42008D1A57 /* Dialog */ = {
			isa = PBXGroup;
			children = (
				12DF0C472E1EAE4D008D1A57 /* ImagePickerDialog.swift */,
				12DF0C4B2E1EAE8E008D1A57 /* ImageCropDialog.swift */,
			);
			path = Dialog;
			sourceTree = "<group>";
		};
		12DF0C4D2E1EAFE1008D1A57 /* Manager */ = {
			isa = PBXGroup;
			children = (
				12DF0C4E2E1EAFF8008D1A57 /* ImageFileManager.swift */,
			);
			path = Manager;
			sourceTree = "<group>";
		};
		12DF0C502E1EB028008D1A57 /* Error */ = {
			isa = PBXGroup;
			children = (
				12DF0C532E1EB047008D1A57 /* AppError.swift */,
				12DF0C512E1EB033008D1A57 /* ImageError.swift */,
			);
			path = Error;
			sourceTree = "<group>";
		};
/* End PBXGroup section */

/* Begin PBXNativeTarget section */
		12B8CE8A2E195BAD00B61EED /* CapsuleToyApp */ = {
			isa = PBXNativeTarget;
			buildConfigurationList = 12B8CE962E195BAF00B61EED /* Build configuration list for PBXNativeTarget "CapsuleToyApp" */;
			buildPhases = (
				12B8CE872E195BAD00B61EED /* Sources */,
				12B8CE882E195BAD00B61EED /* Frameworks */,
				12B8CE892E195BAD00B61EED /* Resources */,
				12B8CEAD2E195F3C00B61EED /* Embed Frameworks */,
			);
			buildRules = (
			);
			dependencies = (
			);
			name = CapsuleToyApp;
			packageProductDependencies = (
				12B8CEAA2E195E8100B61EED /* RealmSwift */,
				126CF5452E19CC6600C14395 /* Swinject */,
			);
			productName = CapsuleToyApp;
			productReference = 12B8CE8B2E195BAD00B61EED /* CapsuleToyApp.app */;
			productType = "com.apple.product-type.application";
		};
/* End PBXNativeTarget section */

/* Begin PBXProject section */
		12B8CE832E195BAD00B61EED /* Project object */ = {
			isa = PBXProject;
			attributes = {
				BuildIndependentTargetsInParallel = 1;
				LastSwiftUpdateCheck = 1630;
				LastUpgradeCheck = 1630;
				TargetAttributes = {
					12B8CE8A2E195BAD00B61EED = {
						CreatedOnToolsVersion = 16.3;
					};
				};
			};
			buildConfigurationList = 12B8CE862E195BAD00B61EED /* Build configuration list for PBXProject "CapsuleToyApp" */;
			developmentRegion = ja;
			hasScannedForEncodings = 0;
			knownRegions = (
				en,
				Base,
				ja,
			);
			mainGroup = 12B8CE822E195BAD00B61EED;
			minimizedProjectReferenceProxies = 1;
			packageReferences = (
				12B8CEA72E195E8100B61EED /* XCRemoteSwiftPackageReference "realm-swift" */,
				126CF5442E19CC6600C14395 /* XCRemoteSwiftPackageReference "Swinject" */,
			);
			preferredProjectObjectVersion = 77;
			productRefGroup = 12B8CE8C2E195BAD00B61EED /* Products */;
			projectDirPath = "";
			projectRoot = "";
			targets = (
				12B8CE8A2E195BAD00B61EED /* CapsuleToyApp */,
			);
		};
/* End PBXProject section */

/* Begin PBXResourcesBuildPhase section */
		12B8CE892E195BAD00B61EED /* Resources */ = {
			isa = PBXResourcesBuildPhase;
			buildActionMask = 2147483647;
			files = (
				12B8CE9F2E195BBD00B61EED /* Images.xcassets in Resources */,
				12DF0C382E1D5D14008D1A57 /* Localizable.strings in Resources */,
				12B8CEA52E195C7900B61EED /* Colors.xcassets in Resources */,
			);
			runOnlyForDeploymentPostprocessing = 0;
		};
/* End PBXResourcesBuildPhase section */

/* Begin PBXSourcesBuildPhase section */
		12B8CE872E195BAD00B61EED /* Sources */ = {
			isa = PBXSourcesBuildPhase;
			buildActionMask = 2147483647;
			files = (
				122FFC3E2E1D0D5100FA1A6C /* SeriesDetailViewModel.swift in Sources */,
				12DF0C482E1EAE4E008D1A57 /* ImagePickerDialog.swift in Sources */,
				122FFC052E1C0DCB00FA1A6C /* SeriesRepository.swift in Sources */,
				122FFBEE2E1C071600FA1A6C /* CapsuleToy.swift in Sources */,
				122FFC092E1C0E4400FA1A6C /* MockSeriesRepository.swift in Sources */,
				122FFBF92E1C0A0700FA1A6C /* RealmRepository.swift in Sources */,
				12DF0C422E1E5AA7008D1A57 /* CapsuleToyEntryScreen.swift in Sources */,
				122FFC032E1C0DBC00FA1A6C /* SeriesRepositoryProtocol.swift in Sources */,
				12DF0C3C2E1D5ED1008D1A57 /* Strings.swift in Sources */,
				12DF0C3D2E1D5ED1008D1A57 /* Assets.swift in Sources */,
				122FFBFE2E1C0A5600FA1A6C /* UserDefaultsRepository.swift in Sources */,
				122FFBFC2E1C0A2B00FA1A6C /* RealmConfig.swift in Sources */,
				122FFBF72E1C099700FA1A6C /* SeriesListViewModel.swift in Sources */,
				12B8CE9D2E195BBD00B61EED /* CapsuleToyAppApp.swift in Sources */,
				122FFBF52E1C096200FA1A6C /* SeriesListScreen.swift in Sources */,
				122FFC0B2E1C11DB00FA1A6C /* SeriesEntryScreen.swift in Sources */,
				122FFC252E1C120D00FA1A6C /* DeviceSizeUtility.swift in Sources */,
				12DF0C542E1EB047008D1A57 /* AppError.swift in Sources */,
				122FFC262E1C120D00FA1A6C /* ExFont.swift in Sources */,
				122ECCC72E1FED41000F757A /* RootEnvironment.swift in Sources */,
				122FFC272E1C120D00FA1A6C /* ExModifier.swift in Sources */,
				12DF0C4A2E1EAE83008D1A57 /* ImageSelectView.swift in Sources */,
				122FFC2A2E1C120D00FA1A6C /* ExString.swift in Sources */,
				12DF0C562E1EB28B008D1A57 /* ImagePreView.swift in Sources */,
				122ECCCA2E1FEE8F000F757A /* AppTab.swift in Sources */,
				122FFC2B2E1C120D00FA1A6C /* ShareInfoUtillity.swift in Sources */,
				122FFC2C2E1C120D00FA1A6C /* DateFormatUtility.swift in Sources */,
				12DF0C402E1D629D008D1A57 /* HeaderView.swift in Sources */,
				122FFC2D2E1C120D00FA1A6C /* ExPublisher.swift in Sources */,
				12DF0C452E1E5B03008D1A57 /* CapsuleToyEntryViewModel.swift in Sources */,
				122FFC2E2E1C120D00FA1A6C /* ExBoingButton.swift in Sources */,
				122FFC302E1C120D00FA1A6C /* ExCollection.swift in Sources */,
				122FFC312E1C120D00FA1A6C /* JsonConvertUtility.swift in Sources */,
				122ECCC52E1FED24000F757A /* CustomTabBar.swift in Sources */,
				12DF0C4F2E1EAFF9008D1A57 /* ImageFileManager.swift in Sources */,
				122FFC322E1C120D00FA1A6C /* ExUIApplication.swift in Sources */,
				122FFC342E1C120D00FA1A6C /* ExModalBaclClear.swift in Sources */,
				12DF0C522E1EB033008D1A57 /* ImageError.swift in Sources */,
				122FFC352E1C120D00FA1A6C /* ExAlert.swift in Sources */,
				122FFC3A2E1C139300FA1A6C /* SeriesEntryViewModel.swift in Sources */,
				122FFC372E1C120D00FA1A6C /* Logger.swift in Sources */,
				122FFC3C2E1D0ADF00FA1A6C /* SeriesDetailScreen.swift in Sources */,
				122FFBE92E1C065000FA1A6C /* DIContainer.swift in Sources */,
				12B8CE9E2E195BBD00B61EED /* RootView.swift in Sources */,
				122FFC012E1C0BF400FA1A6C /* RealmRepositoryProtocol.swift in Sources */,
				122FFBF12E1C078F00FA1A6C /* Series.swift in Sources */,
				12DF0C4C2E1EAE8F008D1A57 /* ImageCropDialog.swift in Sources */,
			);
			runOnlyForDeploymentPostprocessing = 0;
		};
/* End PBXSourcesBuildPhase section */

/* Begin PBXVariantGroup section */
		12DF0C362E1D5D14008D1A57 /* Localizable.strings */ = {
			isa = PBXVariantGroup;
			children = (
				12DF0C372E1D5D14008D1A57 /* en */,
				12DF0C392E1D5D23008D1A57 /* ja */,
			);
			name = Localizable.strings;
			sourceTree = "<group>";
		};
/* End PBXVariantGroup section */

/* Begin XCBuildConfiguration section */
		12B8CE942E195BAF00B61EED /* Debug */ = {
			isa = XCBuildConfiguration;
			buildSettings = {
				ALWAYS_SEARCH_USER_PATHS = NO;
				ASSETCATALOG_COMPILER_GENERATE_SWIFT_ASSET_SYMBOL_EXTENSIONS = YES;
				CLANG_ANALYZER_LOCALIZABILITY_NONLOCALIZED = YES;
				CLANG_ANALYZER_NONNULL = YES;
				CLANG_ANALYZER_NUMBER_OBJECT_CONVERSION = YES_AGGRESSIVE;
				CLANG_CXX_LANGUAGE_STANDARD = "gnu++20";
				CLANG_ENABLE_MODULES = YES;
				CLANG_ENABLE_OBJC_ARC = YES;
				CLANG_ENABLE_OBJC_WEAK = YES;
				CLANG_WARN_BLOCK_CAPTURE_AUTORELEASING = YES;
				CLANG_WARN_BOOL_CONVERSION = YES;
				CLANG_WARN_COMMA = YES;
				CLANG_WARN_CONSTANT_CONVERSION = YES;
				CLANG_WARN_DEPRECATED_OBJC_IMPLEMENTATIONS = YES;
				CLANG_WARN_DIRECT_OBJC_ISA_USAGE = YES_ERROR;
				CLANG_WARN_DOCUMENTATION_COMMENTS = YES;
				CLANG_WARN_EMPTY_BODY = YES;
				CLANG_WARN_ENUM_CONVERSION = YES;
				CLANG_WARN_INFINITE_RECURSION = YES;
				CLANG_WARN_INT_CONVERSION = YES;
				CLANG_WARN_NON_LITERAL_NULL_CONVERSION = YES;
				CLANG_WARN_OBJC_IMPLICIT_RETAIN_SELF = YES;
				CLANG_WARN_OBJC_LITERAL_CONVERSION = YES;
				CLANG_WARN_OBJC_ROOT_CLASS = YES_ERROR;
				CLANG_WARN_QUOTED_INCLUDE_IN_FRAMEWORK_HEADER = YES;
				CLANG_WARN_RANGE_LOOP_ANALYSIS = YES;
				CLANG_WARN_STRICT_PROTOTYPES = YES;
				CLANG_WARN_SUSPICIOUS_MOVE = YES;
				CLANG_WARN_UNGUARDED_AVAILABILITY = YES_AGGRESSIVE;
				CLANG_WARN_UNREACHABLE_CODE = YES;
				CLANG_WARN__DUPLICATE_METHOD_MATCH = YES;
				COPY_PHASE_STRIP = NO;
				DEBUG_INFORMATION_FORMAT = dwarf;
				DEVELOPMENT_TEAM = CGD79LB65H;
				ENABLE_STRICT_OBJC_MSGSEND = YES;
				ENABLE_TESTABILITY = YES;
				ENABLE_USER_SCRIPT_SANDBOXING = YES;
				GCC_C_LANGUAGE_STANDARD = gnu17;
				GCC_DYNAMIC_NO_PIC = NO;
				GCC_NO_COMMON_BLOCKS = YES;
				GCC_OPTIMIZATION_LEVEL = 0;
				GCC_PREPROCESSOR_DEFINITIONS = (
					"DEBUG=1",
					"$(inherited)",
				);
				GCC_WARN_64_TO_32_BIT_CONVERSION = YES;
				GCC_WARN_ABOUT_RETURN_TYPE = YES_ERROR;
				GCC_WARN_UNDECLARED_SELECTOR = YES;
				GCC_WARN_UNINITIALIZED_AUTOS = YES_AGGRESSIVE;
				GCC_WARN_UNUSED_FUNCTION = YES;
				GCC_WARN_UNUSED_VARIABLE = YES;
				IPHONEOS_DEPLOYMENT_TARGET = 18.4;
				LOCALIZATION_PREFERS_STRING_CATALOGS = YES;
				MTL_ENABLE_DEBUG_INFO = INCLUDE_SOURCE;
				MTL_FAST_MATH = YES;
				ONLY_ACTIVE_ARCH = YES;
				SDKROOT = iphoneos;
				SWIFT_ACTIVE_COMPILATION_CONDITIONS = "DEBUG $(inherited)";
				SWIFT_OPTIMIZATION_LEVEL = "-Onone";
			};
			name = Debug;
		};
		12B8CE952E195BAF00B61EED /* Release */ = {
			isa = XCBuildConfiguration;
			buildSettings = {
				ALWAYS_SEARCH_USER_PATHS = NO;
				ASSETCATALOG_COMPILER_GENERATE_SWIFT_ASSET_SYMBOL_EXTENSIONS = YES;
				CLANG_ANALYZER_LOCALIZABILITY_NONLOCALIZED = YES;
				CLANG_ANALYZER_NONNULL = YES;
				CLANG_ANALYZER_NUMBER_OBJECT_CONVERSION = YES_AGGRESSIVE;
				CLANG_CXX_LANGUAGE_STANDARD = "gnu++20";
				CLANG_ENABLE_MODULES = YES;
				CLANG_ENABLE_OBJC_ARC = YES;
				CLANG_ENABLE_OBJC_WEAK = YES;
				CLANG_WARN_BLOCK_CAPTURE_AUTORELEASING = YES;
				CLANG_WARN_BOOL_CONVERSION = YES;
				CLANG_WARN_COMMA = YES;
				CLANG_WARN_CONSTANT_CONVERSION = YES;
				CLANG_WARN_DEPRECATED_OBJC_IMPLEMENTATIONS = YES;
				CLANG_WARN_DIRECT_OBJC_ISA_USAGE = YES_ERROR;
				CLANG_WARN_DOCUMENTATION_COMMENTS = YES;
				CLANG_WARN_EMPTY_BODY = YES;
				CLANG_WARN_ENUM_CONVERSION = YES;
				CLANG_WARN_INFINITE_RECURSION = YES;
				CLANG_WARN_INT_CONVERSION = YES;
				CLANG_WARN_NON_LITERAL_NULL_CONVERSION = YES;
				CLANG_WARN_OBJC_IMPLICIT_RETAIN_SELF = YES;
				CLANG_WARN_OBJC_LITERAL_CONVERSION = YES;
				CLANG_WARN_OBJC_ROOT_CLASS = YES_ERROR;
				CLANG_WARN_QUOTED_INCLUDE_IN_FRAMEWORK_HEADER = YES;
				CLANG_WARN_RANGE_LOOP_ANALYSIS = YES;
				CLANG_WARN_STRICT_PROTOTYPES = YES;
				CLANG_WARN_SUSPICIOUS_MOVE = YES;
				CLANG_WARN_UNGUARDED_AVAILABILITY = YES_AGGRESSIVE;
				CLANG_WARN_UNREACHABLE_CODE = YES;
				CLANG_WARN__DUPLICATE_METHOD_MATCH = YES;
				COPY_PHASE_STRIP = NO;
				DEBUG_INFORMATION_FORMAT = "dwarf-with-dsym";
				DEVELOPMENT_TEAM = CGD79LB65H;
				ENABLE_NS_ASSERTIONS = NO;
				ENABLE_STRICT_OBJC_MSGSEND = YES;
				ENABLE_USER_SCRIPT_SANDBOXING = YES;
				GCC_C_LANGUAGE_STANDARD = gnu17;
				GCC_NO_COMMON_BLOCKS = YES;
				GCC_WARN_64_TO_32_BIT_CONVERSION = YES;
				GCC_WARN_ABOUT_RETURN_TYPE = YES_ERROR;
				GCC_WARN_UNDECLARED_SELECTOR = YES;
				GCC_WARN_UNINITIALIZED_AUTOS = YES_AGGRESSIVE;
				GCC_WARN_UNUSED_FUNCTION = YES;
				GCC_WARN_UNUSED_VARIABLE = YES;
				IPHONEOS_DEPLOYMENT_TARGET = 18.4;
				LOCALIZATION_PREFERS_STRING_CATALOGS = YES;
				MTL_ENABLE_DEBUG_INFO = NO;
				MTL_FAST_MATH = YES;
				SDKROOT = iphoneos;
				SWIFT_COMPILATION_MODE = wholemodule;
				VALIDATE_PRODUCT = YES;
			};
			name = Release;
		};
		12B8CE972E195BAF00B61EED /* Debug */ = {
			isa = XCBuildConfiguration;
			buildSettings = {
				ASSETCATALOG_COMPILER_APPICON_NAME = AppIcon;
				ASSETCATALOG_COMPILER_GLOBAL_ACCENT_COLOR_NAME = AccentColor;
				CODE_SIGN_STYLE = Automatic;
				CURRENT_PROJECT_VERSION = 1;
				DEVELOPMENT_TEAM = CGD79LB65H;
				ENABLE_PREVIEWS = YES;
				GENERATE_INFOPLIST_FILE = YES;
				INFOPLIST_KEY_UIApplicationSceneManifest_Generation = YES;
				INFOPLIST_KEY_UIApplicationSupportsIndirectInputEvents = YES;
				INFOPLIST_KEY_UILaunchScreen_Generation = YES;
				INFOPLIST_KEY_UISupportedInterfaceOrientations = UIInterfaceOrientationPortrait;
				LD_RUNPATH_SEARCH_PATHS = (
					"$(inherited)",
					"@executable_path/Frameworks",
				);
				MARKETING_VERSION = 1.0.0;
				PRODUCT_BUNDLE_IDENTIFIER = com.ame.CapsuleToyApp;
				PRODUCT_NAME = "$(TARGET_NAME)";
				SUPPORTED_PLATFORMS = "iphoneos iphonesimulator";
				SUPPORTS_MACCATALYST = NO;
				SWIFT_EMIT_LOC_STRINGS = YES;
				SWIFT_VERSION = 6.0;
				TARGETED_DEVICE_FAMILY = 1;
			};
			name = Debug;
		};
		12B8CE982E195BAF00B61EED /* Release */ = {
			isa = XCBuildConfiguration;
			buildSettings = {
				ASSETCATALOG_COMPILER_APPICON_NAME = AppIcon;
				ASSETCATALOG_COMPILER_GLOBAL_ACCENT_COLOR_NAME = AccentColor;
				CODE_SIGN_STYLE = Automatic;
				CURRENT_PROJECT_VERSION = 1;
				DEVELOPMENT_TEAM = CGD79LB65H;
				ENABLE_PREVIEWS = YES;
				GENERATE_INFOPLIST_FILE = YES;
				INFOPLIST_KEY_UIApplicationSceneManifest_Generation = YES;
				INFOPLIST_KEY_UIApplicationSupportsIndirectInputEvents = YES;
				INFOPLIST_KEY_UILaunchScreen_Generation = YES;
				INFOPLIST_KEY_UISupportedInterfaceOrientations = UIInterfaceOrientationPortrait;
				LD_RUNPATH_SEARCH_PATHS = (
					"$(inherited)",
					"@executable_path/Frameworks",
				);
				MARKETING_VERSION = 1.0.0;
				PRODUCT_BUNDLE_IDENTIFIER = com.ame.CapsuleToyApp;
				PRODUCT_NAME = "$(TARGET_NAME)";
				SUPPORTED_PLATFORMS = "iphoneos iphonesimulator";
				SUPPORTS_MACCATALYST = NO;
				SWIFT_EMIT_LOC_STRINGS = YES;
				SWIFT_VERSION = 6.0;
				TARGETED_DEVICE_FAMILY = 1;
			};
			name = Release;
		};
/* End XCBuildConfiguration section */

/* Begin XCConfigurationList section */
		12B8CE862E195BAD00B61EED /* Build configuration list for PBXProject "CapsuleToyApp" */ = {
			isa = XCConfigurationList;
			buildConfigurations = (
				12B8CE942E195BAF00B61EED /* Debug */,
				12B8CE952E195BAF00B61EED /* Release */,
			);
			defaultConfigurationIsVisible = 0;
			defaultConfigurationName = Release;
		};
		12B8CE962E195BAF00B61EED /* Build configuration list for PBXNativeTarget "CapsuleToyApp" */ = {
			isa = XCConfigurationList;
			buildConfigurations = (
				12B8CE972E195BAF00B61EED /* Debug */,
				12B8CE982E195BAF00B61EED /* Release */,
			);
			defaultConfigurationIsVisible = 0;
			defaultConfigurationName = Release;
		};
/* End XCConfigurationList section */

/* Begin XCRemoteSwiftPackageReference section */
		126CF5442E19CC6600C14395 /* XCRemoteSwiftPackageReference "Swinject" */ = {
			isa = XCRemoteSwiftPackageReference;
			repositoryURL = "https://github.com/Swinject/Swinject.git";
			requirement = {
				kind = upToNextMajorVersion;
				minimumVersion = 2.9.1;
			};
		};
		12B8CEA72E195E8100B61EED /* XCRemoteSwiftPackageReference "realm-swift" */ = {
			isa = XCRemoteSwiftPackageReference;
			repositoryURL = "https://github.com/realm/realm-swift.git";
			requirement = {
				branch = master;
				kind = branch;
			};
		};
/* End XCRemoteSwiftPackageReference section */

/* Begin XCSwiftPackageProductDependency section */
		126CF5452E19CC6600C14395 /* Swinject */ = {
			isa = XCSwiftPackageProductDependency;
			package = 126CF5442E19CC6600C14395 /* XCRemoteSwiftPackageReference "Swinject" */;
			productName = Swinject;
		};
		12B8CEAA2E195E8100B61EED /* RealmSwift */ = {
			isa = XCSwiftPackageProductDependency;
			package = 12B8CEA72E195E8100B61EED /* XCRemoteSwiftPackageReference "realm-swift" */;
			productName = RealmSwift;
		};
/* End XCSwiftPackageProductDependency section */
	};
	rootObject = 12B8CE832E195BAD00B61EED /* Project object */;
}
